
Microsoft Visual Studio Solution File, Format Version 12.00
# Visual Studio Version 17
VisualStudioVersion = 17.2.32616.157
MinimumVisualStudioVersion = 10.0.40219.1
Project("{8BC9CEB8-8B4A-11D0-8D11-00A0C91BC942}") = "hello", "hello\hello.vcxproj", "{8C5E7E5D-2A41-4B1E-B2B8-0129D9044DCE}"
EndProject
Project("{8BC9CEB8-8B4A-11D0-8D11-00A0C91BC942}") = "CodeUp_1754", "CodeUp_1754\CodeUp_1754.vcxproj", "{E5AB844B-6641-44F3-B55F-2E976E48FA52}"
EndProject
Project("{8BC9CEB8-8B4A-11D0-8D11-00A0C91BC942}") = "CodeUp_1615", "CodeUp_1615\CodeUp_1615.vcxproj", "{B594FAE1-DB0C-44E6-9832-EB4D6A5BACE7}"
EndProject
Global
	GlobalSection(SolutionConfigurationPlatforms) = preSolution
		Debug|x64 = Debug|x64
		Debug|x86 = Debug|x86
		Release|x64 = Release|x64
		Release|x86 = Release|x86
	EndGlobalSection
	GlobalSection(ProjectConfigurationPlatforms) = postSolution
		{8C5E7E5D-2A41-4B1E-B2B8-0129D9044DCE}.Debug|x64.ActiveCfg = Debug|x64
		{8C5E7E5D-2A41-4B1E-B2B8-0129D9044DCE}.Debug|x64.Build.0 = Debug|x64
		{8C5E7E5D-2A41-4B1E-B2B8-0129D9044DCE}.Debug|x86.ActiveCfg = Debug|Win32
		{8C5E7E5D-2A41-4B1E-B2B8-0129D9044DCE}.Debug|x86.Build.0 = Debug|Win32
		{8C5E7E5D-2A41-4B1E-B2B8-0129D9044DCE}.Release|x64.ActiveCfg = Release|x64
		{8C5E7E5D-2A41-4B1E-B2B8-0129D9044DCE}.Release|x64.Build.0 = Release|x64
		{8C5E7E5D-2A41-4B1E-B2B8-0129D9044DCE}.Release|x86.ActiveCfg = Release|Win32
		{8C5E7E5D-2A41-4B1E-B2B8-0129D9044DCE}.Release|x86.Build.0 = Release|Win32
		{E5AB844B-6641-44F3-B55F-2E976E48FA52}.Debug|x64.ActiveCfg = Debug|x64
		{E5AB844B-6641-44F3-B55F-2E976E48FA52}.Debug|x64.Build.0 = Debug|x64
		{E5AB844B-6641-44F3-B55F-2E976E48FA52}.Debug|x86.ActiveCfg = Debug|Win32
		{E5AB844B-6641-44F3-B55F-2E976E48FA52}.Debug|x86.Build.0 = Debug|Win32
		{E5AB844B-6641-44F3-B55F-2E976E48FA52}.Release|x64.ActiveCfg = Release|x64
		{E5AB844B-6641-44F3-B55F-2E976E48FA52}.Release|x64.Build.0 = Release|x64
		{E5AB844B-6641-44F3-B55F-2E976E48FA52}.Release|x86.ActiveCfg = Release|Win32
		{E5AB844B-6641-44F3-B55F-2E976E48FA52}.Release|x86.Build.0 = Release|Win32
		{B594FAE1-DB0C-44E6-9832-EB4D6A5BACE7}.Debug|x64.ActiveCfg = Debug|x64
		{B594FAE1-DB0C-44E6-9832-EB4D6A5BACE7}.Debug|x64.Build.0 = Debug|x64
		{B594FAE1-DB0C-44E6-9832-EB4D6A5BACE7}.Debug|x86.ActiveCfg = Debug|Win32
		{B594FAE1-DB0C-44E6-9832-EB4D6A5BACE7}.Debug|x86.Build.0 = Debug|Win32
		{B594FAE1-DB0C-44E6-9832-EB4D6A5BACE7}.Release|x64.ActiveCfg = Release|x64
		{B594FAE1-DB0C-44E6-9832-EB4D6A5BACE7}.Release|x64.Build.0 = Release|x64
		{B594FAE1-DB0C-44E6-9832-EB4D6A5BACE7}.Release|x86.ActiveCfg = Release|Win32
		{B594FAE1-DB0C-44E6-9832-EB4D6A5BACE7}.Release|x86.Build.0 = Release|Win32
	EndGlobalSection
	GlobalSection(SolutionProperties) = preSolution
		HideSolutionNode = FALSE
	EndGlobalSection
	GlobalSection(ExtensibilityGlobals) = postSolution
		SolutionGuid = {FC67475C-1FE0-4D1A-89D6-F8CF5BB21D43}
	EndGlobalSection
EndGlobal
